// !$*UTF8*$!
{
	archiveVersion = 1;
	classes = {
	};
	objectVersion = 50;
	objects = {

/* Begin PBXBuildFile section */
		7823F3C77F19D7D07B8FCBCD /* Pods_BaseSourceCodeTests.framework in Frameworks */ = {isa = PBXBuildFile; fileRef = CCB45148227E3B0E9D4E73BA /* Pods_BaseSourceCodeTests.framework */; };
		8B030CD62120456B00E0A1AF /* AppDelegate.swift in Sources */ = {isa = PBXBuildFile; fileRef = 8B030CD52120456B00E0A1AF /* AppDelegate.swift */; };
		8B030CD82120456B00E0A1AF /* ViewController.swift in Sources */ = {isa = PBXBuildFile; fileRef = 8B030CD72120456B00E0A1AF /* ViewController.swift */; };
		8B030CDB2120456B00E0A1AF /* Main.storyboard in Resources */ = {isa = PBXBuildFile; fileRef = 8B030CD92120456B00E0A1AF /* Main.storyboard */; };
		8B030CDE2120456B00E0A1AF /* BaseSourceCode.xcdatamodeld in Sources */ = {isa = PBXBuildFile; fileRef = 8B030CDC2120456B00E0A1AF /* BaseSourceCode.xcdatamodeld */; };
		8B030CE02120456C00E0A1AF /* Assets.xcassets in Resources */ = {isa = PBXBuildFile; fileRef = 8B030CDF2120456C00E0A1AF /* Assets.xcassets */; };
		8B030CE32120456C00E0A1AF /* LaunchScreen.storyboard in Resources */ = {isa = PBXBuildFile; fileRef = 8B030CE12120456C00E0A1AF /* LaunchScreen.storyboard */; };
		8B030CEE2120456D00E0A1AF /* BaseSourceCodeTests.swift in Sources */ = {isa = PBXBuildFile; fileRef = 8B030CED2120456D00E0A1AF /* BaseSourceCodeTests.swift */; };
		8B030CF92120456D00E0A1AF /* BaseSourceCodeUITests.swift in Sources */ = {isa = PBXBuildFile; fileRef = 8B030CF82120456D00E0A1AF /* BaseSourceCodeUITests.swift */; };
		8B030D082120470B00E0A1AF /* String+Extension.swift in Sources */ = {isa = PBXBuildFile; fileRef = 8B030D072120470B00E0A1AF /* String+Extension.swift */; };
		8B030D0A2120481600E0A1AF /* TheFirstViewController.swift in Sources */ = {isa = PBXBuildFile; fileRef = 8B030D092120481600E0A1AF /* TheFirstViewController.swift */; };
		8B0ED297213A8A360050C287 /* UserDefault.swift in Sources */ = {isa = PBXBuildFile; fileRef = 8B0ED296213A8A360050C287 /* UserDefault.swift */; };
		8B129F6E213056E70008FF02 /* UIImageView+Extension.swift in Sources */ = {isa = PBXBuildFile; fileRef = 8B129F6D213056E70008FF02 /* UIImageView+Extension.swift */; };
		8B129F70213057DD0008FF02 /* UITextField+Extension.swift in Sources */ = {isa = PBXBuildFile; fileRef = 8B129F6F213057DD0008FF02 /* UITextField+Extension.swift */; };
		8B129F7321305A100008FF02 /* ScreenSize.swift in Sources */ = {isa = PBXBuildFile; fileRef = 8B129F7221305A100008FF02 /* ScreenSize.swift */; };
		8B129F7521305D640008FF02 /* ValidateHandler.swift in Sources */ = {isa = PBXBuildFile; fileRef = 8B129F7421305D630008FF02 /* ValidateHandler.swift */; };
		8B129F782130663F0008FF02 /* UIDevice.swift in Sources */ = {isa = PBXBuildFile; fileRef = 8B129F772130663F0008FF02 /* UIDevice.swift */; };
		8B129F7A213070B50008FF02 /* Optional+Extension.swift in Sources */ = {isa = PBXBuildFile; fileRef = 8B129F79213070B50008FF02 /* Optional+Extension.swift */; };
		8B15B227213ACF37006029B1 /* Router.swift in Sources */ = {isa = PBXBuildFile; fileRef = 8B15B226213ACF37006029B1 /* Router.swift */; };
		8B15B229213AD5E8006029B1 /* NetworkViewController.swift in Sources */ = {isa = PBXBuildFile; fileRef = 8B15B228213AD5E8006029B1 /* NetworkViewController.swift */; };
		8B1E8AE82132393F00C883A5 /* DimmingPresentationController.swift in Sources */ = {isa = PBXBuildFile; fileRef = 8B1E8AE72132393F00C883A5 /* DimmingPresentationController.swift */; };
		8B1E8AEA2132394700C883A5 /* GradientView.swift in Sources */ = {isa = PBXBuildFile; fileRef = 8B1E8AE92132394700C883A5 /* GradientView.swift */; };
		8B1E8AEE2132396C00C883A5 /* FadeOutAnimationController.swift in Sources */ = {isa = PBXBuildFile; fileRef = 8B1E8AEB2132396B00C883A5 /* FadeOutAnimationController.swift */; };
		8B1E8AEF2132396C00C883A5 /* SlideOutAnimationController.swift in Sources */ = {isa = PBXBuildFile; fileRef = 8B1E8AEC2132396B00C883A5 /* SlideOutAnimationController.swift */; };
		8B1E8AF02132396C00C883A5 /* BounceAnimationController.swift in Sources */ = {isa = PBXBuildFile; fileRef = 8B1E8AED2132396B00C883A5 /* BounceAnimationController.swift */; };
		8B724B59213BA7D100D038D4 /* NetworkManager.swift in Sources */ = {isa = PBXBuildFile; fileRef = 8B724B58213BA7D100D038D4 /* NetworkManager.swift */; };
		8B724B5B213BB51E00D038D4 /* Error+Extension.swift in Sources */ = {isa = PBXBuildFile; fileRef = 8B724B5A213BB51E00D038D4 /* Error+Extension.swift */; };
		8B80E75F213A90510002F599 /* TestUserdefaulViewController.swift in Sources */ = {isa = PBXBuildFile; fileRef = 8B80E75E213A90510002F599 /* TestUserdefaulViewController.swift */; };
		8BB09322213A6AF700749A26 /* AppController.swift in Sources */ = {isa = PBXBuildFile; fileRef = 8BB09321213A6AF700749A26 /* AppController.swift */; };
		8BB09324213A6B0100749A26 /* AuthController.swift in Sources */ = {isa = PBXBuildFile; fileRef = 8BB09323213A6B0100749A26 /* AuthController.swift */; };
		8BB09327213A6CC700749A26 /* KeychainPasswordItem.swift in Sources */ = {isa = PBXBuildFile; fileRef = 8BB09326213A6CC700749A26 /* KeychainPasswordItem.swift */; };
		8BB09329213A6CE800749A26 /* UserLogin.swift in Sources */ = {isa = PBXBuildFile; fileRef = 8BB09328213A6CE800749A26 /* UserLogin.swift */; };
		8BB0932B213A713600749A26 /* Alertable+Extension.swift in Sources */ = {isa = PBXBuildFile; fileRef = 8BB0932A213A713600749A26 /* Alertable+Extension.swift */; };
		8F259C71213122250099F4D7 /* UIToolbar.swift in Sources */ = {isa = PBXBuildFile; fileRef = 8F259C70213122250099F4D7 /* UIToolbar.swift */; };
		8F259C73213122880099F4D7 /* UITableView+Extension.swift in Sources */ = {isa = PBXBuildFile; fileRef = 8F259C72213122880099F4D7 /* UITableView+Extension.swift */; };
		8F259C75213123550099F4D7 /* UICollectionView+Extension.swift in Sources */ = {isa = PBXBuildFile; fileRef = 8F259C74213123550099F4D7 /* UICollectionView+Extension.swift */; };
		8F259C77213123B50099F4D7 /* UILabel+Extension.swift in Sources */ = {isa = PBXBuildFile; fileRef = 8F259C76213123B50099F4D7 /* UILabel+Extension.swift */; };
		8F259C79213124DF0099F4D7 /* Formatter+Extension.swift in Sources */ = {isa = PBXBuildFile; fileRef = 8F259C78213124DF0099F4D7 /* Formatter+Extension.swift */; };
		8F2609F32131477D0003F507 /* MenuTextField.swift in Sources */ = {isa = PBXBuildFile; fileRef = 8F2609F22131477D0003F507 /* MenuTextField.swift */; };
		8F2609F5213148C90003F507 /* IconTextField.swift in Sources */ = {isa = PBXBuildFile; fileRef = 8F2609F4213148C90003F507 /* IconTextField.swift */; };
		8F2609F9213156BC0003F507 /* OptionsListViewController.swift in Sources */ = {isa = PBXBuildFile; fileRef = 8F2609F7213156BB0003F507 /* OptionsListViewController.swift */; };
		8F2609FA213156BC0003F507 /* OptionsListViewController.xib in Resources */ = {isa = PBXBuildFile; fileRef = 8F2609F8213156BC0003F507 /* OptionsListViewController.xib */; };
		8F2609FC21315B2D0003F507 /* UIWindow+Extension.swift in Sources */ = {isa = PBXBuildFile; fileRef = 8F2609FB21315B2D0003F507 /* UIWindow+Extension.swift */; };
		8FED75D62131B91D0069B68A /* LocationEntity.swift in Sources */ = {isa = PBXBuildFile; fileRef = 8FED75D52131B91D0069B68A /* LocationEntity.swift */; };
		E699349F92AD6D5D68AA6120 /* Pods_BaseSourceCode.framework in Frameworks */ = {isa = PBXBuildFile; fileRef = 557844F1077FE4B4C186C198 /* Pods_BaseSourceCode.framework */; };
		F25F5DCE69330BA42686326B /* Pods_BaseSourceCodeUITests.framework in Frameworks */ = {isa = PBXBuildFile; fileRef = B416BF83A1F45123148AC405 /* Pods_BaseSourceCodeUITests.framework */; };
/* End PBXBuildFile section */

/* Begin PBXContainerItemProxy section */
		8B030CEA2120456D00E0A1AF /* PBXContainerItemProxy */ = {
			isa = PBXContainerItemProxy;
			containerPortal = 8B030CCA2120456B00E0A1AF /* Project object */;
			proxyType = 1;
			remoteGlobalIDString = 8B030CD12120456B00E0A1AF;
			remoteInfo = BaseSourceCode;
		};
		8B030CF52120456D00E0A1AF /* PBXContainerItemProxy */ = {
			isa = PBXContainerItemProxy;
			containerPortal = 8B030CCA2120456B00E0A1AF /* Project object */;
			proxyType = 1;
			remoteGlobalIDString = 8B030CD12120456B00E0A1AF;
			remoteInfo = BaseSourceCode;
		};
/* End PBXContainerItemProxy section */

/* Begin PBXFileReference section */
		049AE8CF222BE2D2326A6161 /* Pods-BaseSourceCodeUITests.release.xcconfig */ = {isa = PBXFileReference; includeInIndex = 1; lastKnownFileType = text.xcconfig; name = "Pods-BaseSourceCodeUITests.release.xcconfig"; path = "Pods/Target Support Files/Pods-BaseSourceCodeUITests/Pods-BaseSourceCodeUITests.release.xcconfig"; sourceTree = "<group>"; };
		4F7F72F2FEB1344DA0C0A2E1 /* Pods-BaseSourceCode.debug.xcconfig */ = {isa = PBXFileReference; includeInIndex = 1; lastKnownFileType = text.xcconfig; name = "Pods-BaseSourceCode.debug.xcconfig"; path = "Pods/Target Support Files/Pods-BaseSourceCode/Pods-BaseSourceCode.debug.xcconfig"; sourceTree = "<group>"; };
		557844F1077FE4B4C186C198 /* Pods_BaseSourceCode.framework */ = {isa = PBXFileReference; explicitFileType = wrapper.framework; includeInIndex = 0; path = Pods_BaseSourceCode.framework; sourceTree = BUILT_PRODUCTS_DIR; };
		5D2052AE5A8395215EBF1694 /* Pods-BaseSourceCodeTests.release.xcconfig */ = {isa = PBXFileReference; includeInIndex = 1; lastKnownFileType = text.xcconfig; name = "Pods-BaseSourceCodeTests.release.xcconfig"; path = "Pods/Target Support Files/Pods-BaseSourceCodeTests/Pods-BaseSourceCodeTests.release.xcconfig"; sourceTree = "<group>"; };
		768FE857202D5C07DE079894 /* Pods-BaseSourceCodeTests.debug.xcconfig */ = {isa = PBXFileReference; includeInIndex = 1; lastKnownFileType = text.xcconfig; name = "Pods-BaseSourceCodeTests.debug.xcconfig"; path = "Pods/Target Support Files/Pods-BaseSourceCodeTests/Pods-BaseSourceCodeTests.debug.xcconfig"; sourceTree = "<group>"; };
		7AEA53DCCFD06292E04B97D4 /* Pods-BaseSourceCode.release.xcconfig */ = {isa = PBXFileReference; includeInIndex = 1; lastKnownFileType = text.xcconfig; name = "Pods-BaseSourceCode.release.xcconfig"; path = "Pods/Target Support Files/Pods-BaseSourceCode/Pods-BaseSourceCode.release.xcconfig"; sourceTree = "<group>"; };
		8B030CD22120456B00E0A1AF /* BaseSourceCode.app */ = {isa = PBXFileReference; explicitFileType = wrapper.application; includeInIndex = 0; path = BaseSourceCode.app; sourceTree = BUILT_PRODUCTS_DIR; };
		8B030CD52120456B00E0A1AF /* AppDelegate.swift */ = {isa = PBXFileReference; lastKnownFileType = sourcecode.swift; path = AppDelegate.swift; sourceTree = "<group>"; };
		8B030CD72120456B00E0A1AF /* ViewController.swift */ = {isa = PBXFileReference; lastKnownFileType = sourcecode.swift; path = ViewController.swift; sourceTree = "<group>"; };
		8B030CDA2120456B00E0A1AF /* Base */ = {isa = PBXFileReference; lastKnownFileType = file.storyboard; name = Base; path = Base.lproj/Main.storyboard; sourceTree = "<group>"; };
		8B030CDD2120456B00E0A1AF /* BaseSourceCode.xcdatamodel */ = {isa = PBXFileReference; lastKnownFileType = wrapper.xcdatamodel; path = BaseSourceCode.xcdatamodel; sourceTree = "<group>"; };
		8B030CDF2120456C00E0A1AF /* Assets.xcassets */ = {isa = PBXFileReference; lastKnownFileType = folder.assetcatalog; path = Assets.xcassets; sourceTree = "<group>"; };
		8B030CE22120456C00E0A1AF /* Base */ = {isa = PBXFileReference; lastKnownFileType = file.storyboard; name = Base; path = Base.lproj/LaunchScreen.storyboard; sourceTree = "<group>"; };
		8B030CE42120456C00E0A1AF /* Info.plist */ = {isa = PBXFileReference; lastKnownFileType = text.plist.xml; path = Info.plist; sourceTree = "<group>"; };
		8B030CE92120456D00E0A1AF /* BaseSourceCodeTests.xctest */ = {isa = PBXFileReference; explicitFileType = wrapper.cfbundle; includeInIndex = 0; path = BaseSourceCodeTests.xctest; sourceTree = BUILT_PRODUCTS_DIR; };
		8B030CED2120456D00E0A1AF /* BaseSourceCodeTests.swift */ = {isa = PBXFileReference; lastKnownFileType = sourcecode.swift; path = BaseSourceCodeTests.swift; sourceTree = "<group>"; };
		8B030CEF2120456D00E0A1AF /* Info.plist */ = {isa = PBXFileReference; lastKnownFileType = text.plist.xml; path = Info.plist; sourceTree = "<group>"; };
		8B030CF42120456D00E0A1AF /* BaseSourceCodeUITests.xctest */ = {isa = PBXFileReference; explicitFileType = wrapper.cfbundle; includeInIndex = 0; path = BaseSourceCodeUITests.xctest; sourceTree = BUILT_PRODUCTS_DIR; };
		8B030CF82120456D00E0A1AF /* BaseSourceCodeUITests.swift */ = {isa = PBXFileReference; lastKnownFileType = sourcecode.swift; path = BaseSourceCodeUITests.swift; sourceTree = "<group>"; };
		8B030CFA2120456D00E0A1AF /* Info.plist */ = {isa = PBXFileReference; lastKnownFileType = text.plist.xml; path = Info.plist; sourceTree = "<group>"; };
		8B030D072120470B00E0A1AF /* String+Extension.swift */ = {isa = PBXFileReference; lastKnownFileType = sourcecode.swift; path = "String+Extension.swift"; sourceTree = "<group>"; };
		8B030D092120481600E0A1AF /* TheFirstViewController.swift */ = {isa = PBXFileReference; lastKnownFileType = sourcecode.swift; path = TheFirstViewController.swift; sourceTree = "<group>"; };
		8B0ED296213A8A360050C287 /* UserDefault.swift */ = {isa = PBXFileReference; lastKnownFileType = sourcecode.swift; path = UserDefault.swift; sourceTree = "<group>"; };
		8B129F6D213056E70008FF02 /* UIImageView+Extension.swift */ = {isa = PBXFileReference; lastKnownFileType = sourcecode.swift; path = "UIImageView+Extension.swift"; sourceTree = "<group>"; };
		8B129F6F213057DD0008FF02 /* UITextField+Extension.swift */ = {isa = PBXFileReference; lastKnownFileType = sourcecode.swift; path = "UITextField+Extension.swift"; sourceTree = "<group>"; };
		8B129F7221305A100008FF02 /* ScreenSize.swift */ = {isa = PBXFileReference; lastKnownFileType = sourcecode.swift; path = ScreenSize.swift; sourceTree = "<group>"; };
		8B129F7421305D630008FF02 /* ValidateHandler.swift */ = {isa = PBXFileReference; fileEncoding = 4; lastKnownFileType = sourcecode.swift; path = ValidateHandler.swift; sourceTree = "<group>"; };
		8B129F772130663F0008FF02 /* UIDevice.swift */ = {isa = PBXFileReference; lastKnownFileType = sourcecode.swift; path = UIDevice.swift; sourceTree = "<group>"; };
		8B129F79213070B50008FF02 /* Optional+Extension.swift */ = {isa = PBXFileReference; lastKnownFileType = sourcecode.swift; path = "Optional+Extension.swift"; sourceTree = "<group>"; };
		8B15B226213ACF37006029B1 /* Router.swift */ = {isa = PBXFileReference; lastKnownFileType = sourcecode.swift; path = Router.swift; sourceTree = "<group>"; };
		8B15B228213AD5E8006029B1 /* NetworkViewController.swift */ = {isa = PBXFileReference; lastKnownFileType = sourcecode.swift; path = NetworkViewController.swift; sourceTree = "<group>"; };
		8B1E8AE72132393F00C883A5 /* DimmingPresentationController.swift */ = {isa = PBXFileReference; fileEncoding = 4; lastKnownFileType = sourcecode.swift; path = DimmingPresentationController.swift; sourceTree = "<group>"; };
		8B1E8AE92132394700C883A5 /* GradientView.swift */ = {isa = PBXFileReference; fileEncoding = 4; lastKnownFileType = sourcecode.swift; path = GradientView.swift; sourceTree = "<group>"; };
		8B1E8AEB2132396B00C883A5 /* FadeOutAnimationController.swift */ = {isa = PBXFileReference; fileEncoding = 4; lastKnownFileType = sourcecode.swift; path = FadeOutAnimationController.swift; sourceTree = "<group>"; };
		8B1E8AEC2132396B00C883A5 /* SlideOutAnimationController.swift */ = {isa = PBXFileReference; fileEncoding = 4; lastKnownFileType = sourcecode.swift; path = SlideOutAnimationController.swift; sourceTree = "<group>"; };
		8B1E8AED2132396B00C883A5 /* BounceAnimationController.swift */ = {isa = PBXFileReference; fileEncoding = 4; lastKnownFileType = sourcecode.swift; path = BounceAnimationController.swift; sourceTree = "<group>"; };
		8B724B58213BA7D100D038D4 /* NetworkManager.swift */ = {isa = PBXFileReference; lastKnownFileType = sourcecode.swift; path = NetworkManager.swift; sourceTree = "<group>"; };
		8B724B5A213BB51E00D038D4 /* Error+Extension.swift */ = {isa = PBXFileReference; lastKnownFileType = sourcecode.swift; path = "Error+Extension.swift"; sourceTree = "<group>"; };
		8B80E75E213A90510002F599 /* TestUserdefaulViewController.swift */ = {isa = PBXFileReference; lastKnownFileType = sourcecode.swift; path = TestUserdefaulViewController.swift; sourceTree = "<group>"; };
		8BB09321213A6AF700749A26 /* AppController.swift */ = {isa = PBXFileReference; fileEncoding = 4; lastKnownFileType = sourcecode.swift; path = AppController.swift; sourceTree = "<group>"; };
		8BB09323213A6B0100749A26 /* AuthController.swift */ = {isa = PBXFileReference; fileEncoding = 4; lastKnownFileType = sourcecode.swift; path = AuthController.swift; sourceTree = "<group>"; };
		8BB09326213A6CC700749A26 /* KeychainPasswordItem.swift */ = {isa = PBXFileReference; fileEncoding = 4; lastKnownFileType = sourcecode.swift; path = KeychainPasswordItem.swift; sourceTree = "<group>"; };
		8BB09328213A6CE800749A26 /* UserLogin.swift */ = {isa = PBXFileReference; fileEncoding = 4; lastKnownFileType = sourcecode.swift; path = UserLogin.swift; sourceTree = "<group>"; };
		8BB0932A213A713600749A26 /* Alertable+Extension.swift */ = {isa = PBXFileReference; lastKnownFileType = sourcecode.swift; path = "Alertable+Extension.swift"; sourceTree = "<group>"; };
		8F259C70213122250099F4D7 /* UIToolbar.swift */ = {isa = PBXFileReference; lastKnownFileType = sourcecode.swift; path = UIToolbar.swift; sourceTree = "<group>"; };
		8F259C72213122880099F4D7 /* UITableView+Extension.swift */ = {isa = PBXFileReference; lastKnownFileType = sourcecode.swift; path = "UITableView+Extension.swift"; sourceTree = "<group>"; };
		8F259C74213123550099F4D7 /* UICollectionView+Extension.swift */ = {isa = PBXFileReference; lastKnownFileType = sourcecode.swift; path = "UICollectionView+Extension.swift"; sourceTree = "<group>"; };
		8F259C76213123B50099F4D7 /* UILabel+Extension.swift */ = {isa = PBXFileReference; lastKnownFileType = sourcecode.swift; path = "UILabel+Extension.swift"; sourceTree = "<group>"; };
		8F259C78213124DF0099F4D7 /* Formatter+Extension.swift */ = {isa = PBXFileReference; lastKnownFileType = sourcecode.swift; path = "Formatter+Extension.swift"; sourceTree = "<group>"; };
		8F2609F22131477D0003F507 /* MenuTextField.swift */ = {isa = PBXFileReference; lastKnownFileType = sourcecode.swift; path = MenuTextField.swift; sourceTree = "<group>"; };
		8F2609F4213148C90003F507 /* IconTextField.swift */ = {isa = PBXFileReference; lastKnownFileType = sourcecode.swift; path = IconTextField.swift; sourceTree = "<group>"; };
		8F2609F7213156BB0003F507 /* OptionsListViewController.swift */ = {isa = PBXFileReference; lastKnownFileType = sourcecode.swift; path = OptionsListViewController.swift; sourceTree = "<group>"; };
		8F2609F8213156BC0003F507 /* OptionsListViewController.xib */ = {isa = PBXFileReference; lastKnownFileType = file.xib; path = OptionsListViewController.xib; sourceTree = "<group>"; };
		8F2609FB21315B2D0003F507 /* UIWindow+Extension.swift */ = {isa = PBXFileReference; lastKnownFileType = sourcecode.swift; path = "UIWindow+Extension.swift"; sourceTree = "<group>"; };
		8FED75D52131B91D0069B68A /* LocationEntity.swift */ = {isa = PBXFileReference; lastKnownFileType = sourcecode.swift; path = LocationEntity.swift; sourceTree = "<group>"; };
		B416BF83A1F45123148AC405 /* Pods_BaseSourceCodeUITests.framework */ = {isa = PBXFileReference; explicitFileType = wrapper.framework; includeInIndex = 0; path = Pods_BaseSourceCodeUITests.framework; sourceTree = BUILT_PRODUCTS_DIR; };
		CC8BA1C6FE300CF41E2AAEAC /* Pods-BaseSourceCodeUITests.debug.xcconfig */ = {isa = PBXFileReference; includeInIndex = 1; lastKnownFileType = text.xcconfig; name = "Pods-BaseSourceCodeUITests.debug.xcconfig"; path = "Pods/Target Support Files/Pods-BaseSourceCodeUITests/Pods-BaseSourceCodeUITests.debug.xcconfig"; sourceTree = "<group>"; };
		CCB45148227E3B0E9D4E73BA /* Pods_BaseSourceCodeTests.framework */ = {isa = PBXFileReference; explicitFileType = wrapper.framework; includeInIndex = 0; path = Pods_BaseSourceCodeTests.framework; sourceTree = BUILT_PRODUCTS_DIR; };
/* End PBXFileReference section */

/* Begin PBXFrameworksBuildPhase section */
		8B030CCF2120456B00E0A1AF /* Frameworks */ = {
			isa = PBXFrameworksBuildPhase;
			buildActionMask = 2147483647;
			files = (
				E699349F92AD6D5D68AA6120 /* Pods_BaseSourceCode.framework in Frameworks */,
			);
			runOnlyForDeploymentPostprocessing = 0;
		};
		8B030CE62120456D00E0A1AF /* Frameworks */ = {
			isa = PBXFrameworksBuildPhase;
			buildActionMask = 2147483647;
			files = (
				7823F3C77F19D7D07B8FCBCD /* Pods_BaseSourceCodeTests.framework in Frameworks */,
			);
			runOnlyForDeploymentPostprocessing = 0;
		};
		8B030CF12120456D00E0A1AF /* Frameworks */ = {
			isa = PBXFrameworksBuildPhase;
			buildActionMask = 2147483647;
			files = (
				F25F5DCE69330BA42686326B /* Pods_BaseSourceCodeUITests.framework in Frameworks */,
			);
			runOnlyForDeploymentPostprocessing = 0;
		};
/* End PBXFrameworksBuildPhase section */

/* Begin PBXGroup section */
		03F95A094128A1CC9A82E267 /* Pods */ = {
			isa = PBXGroup;
			children = (
				4F7F72F2FEB1344DA0C0A2E1 /* Pods-BaseSourceCode.debug.xcconfig */,
				7AEA53DCCFD06292E04B97D4 /* Pods-BaseSourceCode.release.xcconfig */,
				768FE857202D5C07DE079894 /* Pods-BaseSourceCodeTests.debug.xcconfig */,
				5D2052AE5A8395215EBF1694 /* Pods-BaseSourceCodeTests.release.xcconfig */,
				CC8BA1C6FE300CF41E2AAEAC /* Pods-BaseSourceCodeUITests.debug.xcconfig */,
				049AE8CF222BE2D2326A6161 /* Pods-BaseSourceCodeUITests.release.xcconfig */,
			);
			name = Pods;
			sourceTree = "<group>";
		};
		8B030CC92120456B00E0A1AF = {
			isa = PBXGroup;
			children = (
				8B030CD42120456B00E0A1AF /* BaseSourceCode */,
				8B030CEC2120456D00E0A1AF /* BaseSourceCodeTests */,
				8B030CF72120456D00E0A1AF /* BaseSourceCodeUITests */,
				8B030CD32120456B00E0A1AF /* Products */,
				03F95A094128A1CC9A82E267 /* Pods */,
				B30BCE8C838A5ABAD6992E16 /* Frameworks */,
			);
			sourceTree = "<group>";
		};
		8B030CD32120456B00E0A1AF /* Products */ = {
			isa = PBXGroup;
			children = (
				8B030CD22120456B00E0A1AF /* BaseSourceCode.app */,
				8B030CE92120456D00E0A1AF /* BaseSourceCodeTests.xctest */,
				8B030CF42120456D00E0A1AF /* BaseSourceCodeUITests.xctest */,
			);
			name = Products;
			sourceTree = "<group>";
		};
		8B030CD42120456B00E0A1AF /* BaseSourceCode */ = {
			isa = PBXGroup;
			children = (
				8B15B225213ACECA006029B1 /* Network */,
				8B0ED295213A89ED0050C287 /* UserDefault */,
				8BB09325213A6CAE00749A26 /* KeyChain */,
				8BB09320213A6AED00749A26 /* Controllers */,
				8FED75D42131B9010069B68A /* Entity */,
				8F2609F1213147510003F507 /* CustomView */,
				8B129F7621305D660008FF02 /* Utility */,
				8B129F71213059EB0008FF02 /* Constant */,
				8B030D06212046FB00E0A1AF /* Extension */,
				8B030CD52120456B00E0A1AF /* AppDelegate.swift */,
				8B030CD72120456B00E0A1AF /* ViewController.swift */,
				8B030CD92120456B00E0A1AF /* Main.storyboard */,
				8B030CDF2120456C00E0A1AF /* Assets.xcassets */,
				8B030CE12120456C00E0A1AF /* LaunchScreen.storyboard */,
				8B030CE42120456C00E0A1AF /* Info.plist */,
				8B030CDC2120456B00E0A1AF /* BaseSourceCode.xcdatamodeld */,
				8B030D092120481600E0A1AF /* TheFirstViewController.swift */,
				8B80E75E213A90510002F599 /* TestUserdefaulViewController.swift */,
				8B15B228213AD5E8006029B1 /* NetworkViewController.swift */,
			);
			path = BaseSourceCode;
			sourceTree = "<group>";
		};
		8B030CEC2120456D00E0A1AF /* BaseSourceCodeTests */ = {
			isa = PBXGroup;
			children = (
				8B030CED2120456D00E0A1AF /* BaseSourceCodeTests.swift */,
				8B030CEF2120456D00E0A1AF /* Info.plist */,
			);
			path = BaseSourceCodeTests;
			sourceTree = "<group>";
		};
		8B030CF72120456D00E0A1AF /* BaseSourceCodeUITests */ = {
			isa = PBXGroup;
			children = (
				8B030CF82120456D00E0A1AF /* BaseSourceCodeUITests.swift */,
				8B030CFA2120456D00E0A1AF /* Info.plist */,
			);
			path = BaseSourceCodeUITests;
			sourceTree = "<group>";
		};
		8B030D06212046FB00E0A1AF /* Extension */ = {
			isa = PBXGroup;
			children = (
				8B030D072120470B00E0A1AF /* String+Extension.swift */,
				8B129F6D213056E70008FF02 /* UIImageView+Extension.swift */,
				8B129F6F213057DD0008FF02 /* UITextField+Extension.swift */,
				8B129F79213070B50008FF02 /* Optional+Extension.swift */,
				8F259C70213122250099F4D7 /* UIToolbar.swift */,
				8F259C72213122880099F4D7 /* UITableView+Extension.swift */,
				8F259C74213123550099F4D7 /* UICollectionView+Extension.swift */,
				8F259C76213123B50099F4D7 /* UILabel+Extension.swift */,
				8F259C78213124DF0099F4D7 /* Formatter+Extension.swift */,
				8F2609FB21315B2D0003F507 /* UIWindow+Extension.swift */,
				8BB0932A213A713600749A26 /* Alertable+Extension.swift */,
				8B724B5A213BB51E00D038D4 /* Error+Extension.swift */,
			);
			path = Extension;
			sourceTree = "<group>";
		};
		8B0ED295213A89ED0050C287 /* UserDefault */ = {
			isa = PBXGroup;
			children = (
				8B0ED296213A8A360050C287 /* UserDefault.swift */,
			);
			path = UserDefault;
			sourceTree = "<group>";
		};
		8B129F71213059EB0008FF02 /* Constant */ = {
			isa = PBXGroup;
			children = (
				8B129F7221305A100008FF02 /* ScreenSize.swift */,
			);
			path = Constant;
			sourceTree = "<group>";
		};
		8B129F7621305D660008FF02 /* Utility */ = {
			isa = PBXGroup;
			children = (
				8B129F7421305D630008FF02 /* ValidateHandler.swift */,
				8B129F772130663F0008FF02 /* UIDevice.swift */,
			);
			path = Utility;
			sourceTree = "<group>";
		};
		8B15B225213ACECA006029B1 /* Network */ = {
			isa = PBXGroup;
			children = (
				8B15B226213ACF37006029B1 /* Router.swift */,
				8B724B58213BA7D100D038D4 /* NetworkManager.swift */,
			);
			path = Network;
			sourceTree = "<group>";
		};
		8BB09320213A6AED00749A26 /* Controllers */ = {
			isa = PBXGroup;
			children = (
				8BB09323213A6B0100749A26 /* AuthController.swift */,
				8BB09321213A6AF700749A26 /* AppController.swift */,
			);
			path = Controllers;
			sourceTree = "<group>";
		};
		8BB09325213A6CAE00749A26 /* KeyChain */ = {
			isa = PBXGroup;
			children = (
				8BB09326213A6CC700749A26 /* KeychainPasswordItem.swift */,
			);
			path = KeyChain;
			sourceTree = "<group>";
		};
		8F2609F1213147510003F507 /* CustomView */ = {
			isa = PBXGroup;
			children = (
				8F2609F6213156560003F507 /* OptionsListView */,
				8F2609F22131477D0003F507 /* MenuTextField.swift */,
				8F2609F4213148C90003F507 /* IconTextField.swift */,
			);
			path = CustomView;
			sourceTree = "<group>";
		};
		8F2609F6213156560003F507 /* OptionsListView */ = {
			isa = PBXGroup;
			children = (
				8B1E8AED2132396B00C883A5 /* BounceAnimationController.swift */,
				8B1E8AEB2132396B00C883A5 /* FadeOutAnimationController.swift */,
				8B1E8AEC2132396B00C883A5 /* SlideOutAnimationController.swift */,
				8B1E8AE92132394700C883A5 /* GradientView.swift */,
				8B1E8AE72132393F00C883A5 /* DimmingPresentationController.swift */,
				8F2609F7213156BB0003F507 /* OptionsListViewController.swift */,
				8F2609F8213156BC0003F507 /* OptionsListViewController.xib */,
			);
			path = OptionsListView;
			sourceTree = "<group>";
		};
		8FED75D42131B9010069B68A /* Entity */ = {
			isa = PBXGroup;
			children = (
				8BB09328213A6CE800749A26 /* UserLogin.swift */,
				8FED75D52131B91D0069B68A /* LocationEntity.swift */,
			);
			path = Entity;
			sourceTree = "<group>";
		};
		B30BCE8C838A5ABAD6992E16 /* Frameworks */ = {
			isa = PBXGroup;
			children = (
				557844F1077FE4B4C186C198 /* Pods_BaseSourceCode.framework */,
				CCB45148227E3B0E9D4E73BA /* Pods_BaseSourceCodeTests.framework */,
				B416BF83A1F45123148AC405 /* Pods_BaseSourceCodeUITests.framework */,
			);
			name = Frameworks;
			sourceTree = "<group>";
		};
/* End PBXGroup section */

/* Begin PBXNativeTarget section */
		8B030CD12120456B00E0A1AF /* BaseSourceCode */ = {
			isa = PBXNativeTarget;
			buildConfigurationList = 8B030CFD2120456D00E0A1AF /* Build configuration list for PBXNativeTarget "BaseSourceCode" */;
			buildPhases = (
				BDF633132E25C729ADE5733C /* [CP] Check Pods Manifest.lock */,
				8B030CCE2120456B00E0A1AF /* Sources */,
				8B030CCF2120456B00E0A1AF /* Frameworks */,
				8B030CD02120456B00E0A1AF /* Resources */,
				D0DB355173E1DD56A8B8D4B0 /* [CP] Embed Pods Frameworks */,
				A35971D1A3EC9AE4A230DD81 /* [CP] Copy Pods Resources */,
			);
			buildRules = (
			);
			dependencies = (
			);
			name = BaseSourceCode;
			productName = BaseSourceCode;
			productReference = 8B030CD22120456B00E0A1AF /* BaseSourceCode.app */;
			productType = "com.apple.product-type.application";
		};
		8B030CE82120456D00E0A1AF /* BaseSourceCodeTests */ = {
			isa = PBXNativeTarget;
			buildConfigurationList = 8B030D002120456D00E0A1AF /* Build configuration list for PBXNativeTarget "BaseSourceCodeTests" */;
			buildPhases = (
				31F2D57E2A903D24F290F4E6 /* [CP] Check Pods Manifest.lock */,
				8B030CE52120456D00E0A1AF /* Sources */,
				8B030CE62120456D00E0A1AF /* Frameworks */,
				8B030CE72120456D00E0A1AF /* Resources */,
			);
			buildRules = (
			);
			dependencies = (
				8B030CEB2120456D00E0A1AF /* PBXTargetDependency */,
			);
			name = BaseSourceCodeTests;
			productName = BaseSourceCodeTests;
			productReference = 8B030CE92120456D00E0A1AF /* BaseSourceCodeTests.xctest */;
			productType = "com.apple.product-type.bundle.unit-test";
		};
		8B030CF32120456D00E0A1AF /* BaseSourceCodeUITests */ = {
			isa = PBXNativeTarget;
			buildConfigurationList = 8B030D032120456D00E0A1AF /* Build configuration list for PBXNativeTarget "BaseSourceCodeUITests" */;
			buildPhases = (
				C066AAE1D1797FC2A51728C6 /* [CP] Check Pods Manifest.lock */,
				8B030CF02120456D00E0A1AF /* Sources */,
				8B030CF12120456D00E0A1AF /* Frameworks */,
				8B030CF22120456D00E0A1AF /* Resources */,
			);
			buildRules = (
			);
			dependencies = (
				8B030CF62120456D00E0A1AF /* PBXTargetDependency */,
			);
			name = BaseSourceCodeUITests;
			productName = BaseSourceCodeUITests;
			productReference = 8B030CF42120456D00E0A1AF /* BaseSourceCodeUITests.xctest */;
			productType = "com.apple.product-type.bundle.ui-testing";
		};
/* End PBXNativeTarget section */

/* Begin PBXProject section */
		8B030CCA2120456B00E0A1AF /* Project object */ = {
			isa = PBXProject;
			attributes = {
				LastSwiftUpdateCheck = 0940;
				LastUpgradeCheck = 0940;
				ORGANIZATIONNAME = Developer;
				TargetAttributes = {
					8B030CD12120456B00E0A1AF = {
						CreatedOnToolsVersion = 9.4.1;
					};
					8B030CE82120456D00E0A1AF = {
						CreatedOnToolsVersion = 9.4.1;
						TestTargetID = 8B030CD12120456B00E0A1AF;
					};
					8B030CF32120456D00E0A1AF = {
						CreatedOnToolsVersion = 9.4.1;
						TestTargetID = 8B030CD12120456B00E0A1AF;
					};
				};
			};
			buildConfigurationList = 8B030CCD2120456B00E0A1AF /* Build configuration list for PBXProject "BaseSourceCode" */;
			compatibilityVersion = "Xcode 9.3";
			developmentRegion = en;
			hasScannedForEncodings = 0;
			knownRegions = (
				en,
				Base,
			);
			mainGroup = 8B030CC92120456B00E0A1AF;
			productRefGroup = 8B030CD32120456B00E0A1AF /* Products */;
			projectDirPath = "";
			projectRoot = "";
			targets = (
				8B030CD12120456B00E0A1AF /* BaseSourceCode */,
				8B030CE82120456D00E0A1AF /* BaseSourceCodeTests */,
				8B030CF32120456D00E0A1AF /* BaseSourceCodeUITests */,
			);
		};
/* End PBXProject section */

/* Begin PBXResourcesBuildPhase section */
		8B030CD02120456B00E0A1AF /* Resources */ = {
			isa = PBXResourcesBuildPhase;
			buildActionMask = 2147483647;
			files = (
				8B030CE32120456C00E0A1AF /* LaunchScreen.storyboard in Resources */,
				8F2609FA213156BC0003F507 /* OptionsListViewController.xib in Resources */,
				8B030CE02120456C00E0A1AF /* Assets.xcassets in Resources */,
				8B030CDB2120456B00E0A1AF /* Main.storyboard in Resources */,
			);
			runOnlyForDeploymentPostprocessing = 0;
		};
		8B030CE72120456D00E0A1AF /* Resources */ = {
			isa = PBXResourcesBuildPhase;
			buildActionMask = 2147483647;
			files = (
			);
			runOnlyForDeploymentPostprocessing = 0;
		};
		8B030CF22120456D00E0A1AF /* Resources */ = {
			isa = PBXResourcesBuildPhase;
			buildActionMask = 2147483647;
			files = (
			);
			runOnlyForDeploymentPostprocessing = 0;
		};
/* End PBXResourcesBuildPhase section */

/* Begin PBXShellScriptBuildPhase section */
		31F2D57E2A903D24F290F4E6 /* [CP] Check Pods Manifest.lock */ = {
			isa = PBXShellScriptBuildPhase;
			buildActionMask = 2147483647;
			files = (
			);
			inputPaths = (
				"${PODS_PODFILE_DIR_PATH}/Podfile.lock",
				"${PODS_ROOT}/Manifest.lock",
			);
			name = "[CP] Check Pods Manifest.lock";
			outputPaths = (
				"$(DERIVED_FILE_DIR)/Pods-BaseSourceCodeTests-checkManifestLockResult.txt",
			);
			runOnlyForDeploymentPostprocessing = 0;
			shellPath = /bin/sh;
			shellScript = "diff \"${PODS_PODFILE_DIR_PATH}/Podfile.lock\" \"${PODS_ROOT}/Manifest.lock\" > /dev/null\nif [ $? != 0 ] ; then\n    # print error to STDERR\n    echo \"error: The sandbox is not in sync with the Podfile.lock. Run 'pod install' or update your CocoaPods installation.\" >&2\n    exit 1\nfi\n# This output is used by Xcode 'outputs' to avoid re-running this script phase.\necho \"SUCCESS\" > \"${SCRIPT_OUTPUT_FILE_0}\"\n";
			showEnvVarsInLog = 0;
		};
		A35971D1A3EC9AE4A230DD81 /* [CP] Copy Pods Resources */ = {
			isa = PBXShellScriptBuildPhase;
			buildActionMask = 2147483647;
			files = (
			);
			inputPaths = (
				"${SRCROOT}/Pods/Target Support Files/Pods-BaseSourceCode/Pods-BaseSourceCode-resources.sh",
				"${PODS_ROOT}/GoogleMaps/Maps/Frameworks/GoogleMaps.framework/Resources/GoogleMaps.bundle",
			);
			name = "[CP] Copy Pods Resources";
			outputPaths = (
				"${TARGET_BUILD_DIR}/${UNLOCALIZED_RESOURCES_FOLDER_PATH}/GoogleMaps.bundle",
			);
			runOnlyForDeploymentPostprocessing = 0;
			shellPath = /bin/sh;
			shellScript = "\"${SRCROOT}/Pods/Target Support Files/Pods-BaseSourceCode/Pods-BaseSourceCode-resources.sh\"\n";
			showEnvVarsInLog = 0;
		};
		BDF633132E25C729ADE5733C /* [CP] Check Pods Manifest.lock */ = {
			isa = PBXShellScriptBuildPhase;
			buildActionMask = 2147483647;
			files = (
			);
			inputPaths = (
				"${PODS_PODFILE_DIR_PATH}/Podfile.lock",
				"${PODS_ROOT}/Manifest.lock",
			);
			name = "[CP] Check Pods Manifest.lock";
			outputPaths = (
				"$(DERIVED_FILE_DIR)/Pods-BaseSourceCode-checkManifestLockResult.txt",
			);
			runOnlyForDeploymentPostprocessing = 0;
			shellPath = /bin/sh;
			shellScript = "diff \"${PODS_PODFILE_DIR_PATH}/Podfile.lock\" \"${PODS_ROOT}/Manifest.lock\" > /dev/null\nif [ $? != 0 ] ; then\n    # print error to STDERR\n    echo \"error: The sandbox is not in sync with the Podfile.lock. Run 'pod install' or update your CocoaPods installation.\" >&2\n    exit 1\nfi\n# This output is used by Xcode 'outputs' to avoid re-running this script phase.\necho \"SUCCESS\" > \"${SCRIPT_OUTPUT_FILE_0}\"\n";
			showEnvVarsInLog = 0;
		};
		C066AAE1D1797FC2A51728C6 /* [CP] Check Pods Manifest.lock */ = {
			isa = PBXShellScriptBuildPhase;
			buildActionMask = 2147483647;
			files = (
			);
			inputPaths = (
				"${PODS_PODFILE_DIR_PATH}/Podfile.lock",
				"${PODS_ROOT}/Manifest.lock",
			);
			name = "[CP] Check Pods Manifest.lock";
			outputPaths = (
				"$(DERIVED_FILE_DIR)/Pods-BaseSourceCodeUITests-checkManifestLockResult.txt",
			);
			runOnlyForDeploymentPostprocessing = 0;
			shellPath = /bin/sh;
			shellScript = "diff \"${PODS_PODFILE_DIR_PATH}/Podfile.lock\" \"${PODS_ROOT}/Manifest.lock\" > /dev/null\nif [ $? != 0 ] ; then\n    # print error to STDERR\n    echo \"error: The sandbox is not in sync with the Podfile.lock. Run 'pod install' or update your CocoaPods installation.\" >&2\n    exit 1\nfi\n# This output is used by Xcode 'outputs' to avoid re-running this script phase.\necho \"SUCCESS\" > \"${SCRIPT_OUTPUT_FILE_0}\"\n";
			showEnvVarsInLog = 0;
		};
		D0DB355173E1DD56A8B8D4B0 /* [CP] Embed Pods Frameworks */ = {
			isa = PBXShellScriptBuildPhase;
			buildActionMask = 2147483647;
			files = (
			);
			inputPaths = (
				"${SRCROOT}/Pods/Target Support Files/Pods-BaseSourceCode/Pods-BaseSourceCode-frameworks.sh",
				"${BUILT_PRODUCTS_DIR}/Alamofire/Alamofire.framework",
				"${BUILT_PRODUCTS_DIR}/CryptoSwift/CryptoSwift.framework",
				"${BUILT_PRODUCTS_DIR}/DynamicBlurView/DynamicBlurView.framework",
				"${BUILT_PRODUCTS_DIR}/PopupDialog/PopupDialog.framework",
			);
			name = "[CP] Embed Pods Frameworks";
			outputPaths = (
				"${TARGET_BUILD_DIR}/${FRAMEWORKS_FOLDER_PATH}/Alamofire.framework",
				"${TARGET_BUILD_DIR}/${FRAMEWORKS_FOLDER_PATH}/CryptoSwift.framework",
				"${TARGET_BUILD_DIR}/${FRAMEWORKS_FOLDER_PATH}/DynamicBlurView.framework",
				"${TARGET_BUILD_DIR}/${FRAMEWORKS_FOLDER_PATH}/PopupDialog.framework",
			);
			runOnlyForDeploymentPostprocessing = 0;
			shellPath = /bin/sh;
			shellScript = "\"${SRCROOT}/Pods/Target Support Files/Pods-BaseSourceCode/Pods-BaseSourceCode-frameworks.sh\"\n";
			showEnvVarsInLog = 0;
		};
/* End PBXShellScriptBuildPhase section */

/* Begin PBXSourcesBuildPhase section */
		8B030CCE2120456B00E0A1AF /* Sources */ = {
			isa = PBXSourcesBuildPhase;
			buildActionMask = 2147483647;
			files = (
				8B724B59213BA7D100D038D4 /* NetworkManager.swift in Sources */,
				8F259C79213124DF0099F4D7 /* Formatter+Extension.swift in Sources */,
				8B1E8AEA2132394700C883A5 /* GradientView.swift in Sources */,
				8F2609FC21315B2D0003F507 /* UIWindow+Extension.swift in Sources */,
				8B129F6E213056E70008FF02 /* UIImageView+Extension.swift in Sources */,
				8B030D082120470B00E0A1AF /* String+Extension.swift in Sources */,
				8BB09324213A6B0100749A26 /* AuthController.swift in Sources */,
				8F2609F9213156BC0003F507 /* OptionsListViewController.swift in Sources */,
				8F259C77213123B50099F4D7 /* UILabel+Extension.swift in Sources */,
				8B129F70213057DD0008FF02 /* UITextField+Extension.swift in Sources */,
				8F259C71213122250099F4D7 /* UIToolbar.swift in Sources */,
				8B15B227213ACF37006029B1 /* Router.swift in Sources */,
				8F2609F32131477D0003F507 /* MenuTextField.swift in Sources */,
				8B1E8AF02132396C00C883A5 /* BounceAnimationController.swift in Sources */,
				8B129F7521305D640008FF02 /* ValidateHandler.swift in Sources */,
				8B030CD82120456B00E0A1AF /* ViewController.swift in Sources */,
				8B129F7A213070B50008FF02 /* Optional+Extension.swift in Sources */,
				8B129F782130663F0008FF02 /* UIDevice.swift in Sources */,
				8B0ED297213A8A360050C287 /* UserDefault.swift in Sources */,
				8B1E8AEE2132396C00C883A5 /* FadeOutAnimationController.swift in Sources */,
				8F259C75213123550099F4D7 /* UICollectionView+Extension.swift in Sources */,
				8F259C73213122880099F4D7 /* UITableView+Extension.swift in Sources */,
				8B030D0A2120481600E0A1AF /* TheFirstViewController.swift in Sources */,
				8FED75D62131B91D0069B68A /* LocationEntity.swift in Sources */,
				8B1E8AEF2132396C00C883A5 /* SlideOutAnimationController.swift in Sources */,
				8B1E8AE82132393F00C883A5 /* DimmingPresentationController.swift in Sources */,
				8B030CDE2120456B00E0A1AF /* BaseSourceCode.xcdatamodeld in Sources */,
				8BB09327213A6CC700749A26 /* KeychainPasswordItem.swift in Sources */,
				8BB0932B213A713600749A26 /* Alertable+Extension.swift in Sources */,
				8BB09322213A6AF700749A26 /* AppController.swift in Sources */,
				8BB09329213A6CE800749A26 /* UserLogin.swift in Sources */,
				8F2609F5213148C90003F507 /* IconTextField.swift in Sources */,
				8B724B5B213BB51E00D038D4 /* Error+Extension.swift in Sources */,
				8B80E75F213A90510002F599 /* TestUserdefaulViewController.swift in Sources */,
				8B129F7321305A100008FF02 /* ScreenSize.swift in Sources */,
				8B15B229213AD5E8006029B1 /* NetworkViewController.swift in Sources */,
				8B030CD62120456B00E0A1AF /* AppDelegate.swift in Sources */,
			);
			runOnlyForDeploymentPostprocessing = 0;
		};
		8B030CE52120456D00E0A1AF /* Sources */ = {
			isa = PBXSourcesBuildPhase;
			buildActionMask = 2147483647;
			files = (
				8B030CEE2120456D00E0A1AF /* BaseSourceCodeTests.swift in Sources */,
			);
			runOnlyForDeploymentPostprocessing = 0;
		};
		8B030CF02120456D00E0A1AF /* Sources */ = {
			isa = PBXSourcesBuildPhase;
			buildActionMask = 2147483647;
			files = (
				8B030CF92120456D00E0A1AF /* BaseSourceCodeUITests.swift in Sources */,
			);
			runOnlyForDeploymentPostprocessing = 0;
		};
/* End PBXSourcesBuildPhase section */

/* Begin PBXTargetDependency section */
		8B030CEB2120456D00E0A1AF /* PBXTargetDependency */ = {
			isa = PBXTargetDependency;
			target = 8B030CD12120456B00E0A1AF /* BaseSourceCode */;
			targetProxy = 8B030CEA2120456D00E0A1AF /* PBXContainerItemProxy */;
		};
		8B030CF62120456D00E0A1AF /* PBXTargetDependency */ = {
			isa = PBXTargetDependency;
			target = 8B030CD12120456B00E0A1AF /* BaseSourceCode */;
			targetProxy = 8B030CF52120456D00E0A1AF /* PBXContainerItemProxy */;
		};
/* End PBXTargetDependency section */

/* Begin PBXVariantGroup section */
		8B030CD92120456B00E0A1AF /* Main.storyboard */ = {
			isa = PBXVariantGroup;
			children = (
				8B030CDA2120456B00E0A1AF /* Base */,
			);
			name = Main.storyboard;
			sourceTree = "<group>";
		};
		8B030CE12120456C00E0A1AF /* LaunchScreen.storyboard */ = {
			isa = PBXVariantGroup;
			children = (
				8B030CE22120456C00E0A1AF /* Base */,
			);
			name = LaunchScreen.storyboard;
			sourceTree = "<group>";
		};
/* End PBXVariantGroup section */

/* Begin XCBuildConfiguration section */
		8B030CFB2120456D00E0A1AF /* Debug */ = {
			isa = XCBuildConfiguration;
			buildSettings = {
				ALWAYS_SEARCH_USER_PATHS = NO;
				CLANG_ANALYZER_NONNULL = YES;
				CLANG_ANALYZER_NUMBER_OBJECT_CONVERSION = YES_AGGRESSIVE;
				CLANG_CXX_LANGUAGE_STANDARD = "gnu++14";
				CLANG_CXX_LIBRARY = "libc++";
				CLANG_ENABLE_MODULES = YES;
				CLANG_ENABLE_OBJC_ARC = YES;
				CLANG_ENABLE_OBJC_WEAK = YES;
				CLANG_WARN_BLOCK_CAPTURE_AUTORELEASING = YES;
				CLANG_WARN_BOOL_CONVERSION = YES;
				CLANG_WARN_COMMA = YES;
				CLANG_WARN_CONSTANT_CONVERSION = YES;
				CLANG_WARN_DEPRECATED_OBJC_IMPLEMENTATIONS = YES;
				CLANG_WARN_DIRECT_OBJC_ISA_USAGE = YES_ERROR;
				CLANG_WARN_DOCUMENTATION_COMMENTS = YES;
				CLANG_WARN_EMPTY_BODY = YES;
				CLANG_WARN_ENUM_CONVERSION = YES;
				CLANG_WARN_INFINITE_RECURSION = YES;
				CLANG_WARN_INT_CONVERSION = YES;
				CLANG_WARN_NON_LITERAL_NULL_CONVERSION = YES;
				CLANG_WARN_OBJC_IMPLICIT_RETAIN_SELF = YES;
				CLANG_WARN_OBJC_LITERAL_CONVERSION = YES;
				CLANG_WARN_OBJC_ROOT_CLASS = YES_ERROR;
				CLANG_WARN_RANGE_LOOP_ANALYSIS = YES;
				CLANG_WARN_STRICT_PROTOTYPES = YES;
				CLANG_WARN_SUSPICIOUS_MOVE = YES;
				CLANG_WARN_UNGUARDED_AVAILABILITY = YES_AGGRESSIVE;
				CLANG_WARN_UNREACHABLE_CODE = YES;
				CLANG_WARN__DUPLICATE_METHOD_MATCH = YES;
				CODE_SIGN_IDENTITY = "iPhone Developer";
				COPY_PHASE_STRIP = NO;
				DEBUG_INFORMATION_FORMAT = dwarf;
				ENABLE_STRICT_OBJC_MSGSEND = YES;
				ENABLE_TESTABILITY = YES;
				GCC_C_LANGUAGE_STANDARD = gnu11;
				GCC_DYNAMIC_NO_PIC = NO;
				GCC_NO_COMMON_BLOCKS = YES;
				GCC_OPTIMIZATION_LEVEL = 0;
				GCC_PREPROCESSOR_DEFINITIONS = (
					"DEBUG=1",
					"$(inherited)",
				);
				GCC_WARN_64_TO_32_BIT_CONVERSION = YES;
				GCC_WARN_ABOUT_RETURN_TYPE = YES_ERROR;
				GCC_WARN_UNDECLARED_SELECTOR = YES;
				GCC_WARN_UNINITIALIZED_AUTOS = YES_AGGRESSIVE;
				GCC_WARN_UNUSED_FUNCTION = YES;
				GCC_WARN_UNUSED_VARIABLE = YES;
				IPHONEOS_DEPLOYMENT_TARGET = 11.4;
				MTL_ENABLE_DEBUG_INFO = YES;
				ONLY_ACTIVE_ARCH = YES;
				SDKROOT = iphoneos;
				SWIFT_ACTIVE_COMPILATION_CONDITIONS = DEBUG;
				SWIFT_OPTIMIZATION_LEVEL = "-Onone";
			};
			name = Debug;
		};
		8B030CFC2120456D00E0A1AF /* Release */ = {
			isa = XCBuildConfiguration;
			buildSettings = {
				ALWAYS_SEARCH_USER_PATHS = NO;
				CLANG_ANALYZER_NONNULL = YES;
				CLANG_ANALYZER_NUMBER_OBJECT_CONVERSION = YES_AGGRESSIVE;
				CLANG_CXX_LANGUAGE_STANDARD = "gnu++14";
				CLANG_CXX_LIBRARY = "libc++";
				CLANG_ENABLE_MODULES = YES;
				CLANG_ENABLE_OBJC_ARC = YES;
				CLANG_ENABLE_OBJC_WEAK = YES;
				CLANG_WARN_BLOCK_CAPTURE_AUTORELEASING = YES;
				CLANG_WARN_BOOL_CONVERSION = YES;
				CLANG_WARN_COMMA = YES;
				CLANG_WARN_CONSTANT_CONVERSION = YES;
				CLANG_WARN_DEPRECATED_OBJC_IMPLEMENTATIONS = YES;
				CLANG_WARN_DIRECT_OBJC_ISA_USAGE = YES_ERROR;
				CLANG_WARN_DOCUMENTATION_COMMENTS = YES;
				CLANG_WARN_EMPTY_BODY = YES;
				CLANG_WARN_ENUM_CONVERSION = YES;
				CLANG_WARN_INFINITE_RECURSION = YES;
				CLANG_WARN_INT_CONVERSION = YES;
				CLANG_WARN_NON_LITERAL_NULL_CONVERSION = YES;
				CLANG_WARN_OBJC_IMPLICIT_RETAIN_SELF = YES;
				CLANG_WARN_OBJC_LITERAL_CONVERSION = YES;
				CLANG_WARN_OBJC_ROOT_CLASS = YES_ERROR;
				CLANG_WARN_RANGE_LOOP_ANALYSIS = YES;
				CLANG_WARN_STRICT_PROTOTYPES = YES;
				CLANG_WARN_SUSPICIOUS_MOVE = YES;
				CLANG_WARN_UNGUARDED_AVAILABILITY = YES_AGGRESSIVE;
				CLANG_WARN_UNREACHABLE_CODE = YES;
				CLANG_WARN__DUPLICATE_METHOD_MATCH = YES;
				CODE_SIGN_IDENTITY = "iPhone Developer";
				COPY_PHASE_STRIP = NO;
				DEBUG_INFORMATION_FORMAT = "dwarf-with-dsym";
				ENABLE_NS_ASSERTIONS = NO;
				ENABLE_STRICT_OBJC_MSGSEND = YES;
				GCC_C_LANGUAGE_STANDARD = gnu11;
				GCC_NO_COMMON_BLOCKS = YES;
				GCC_WARN_64_TO_32_BIT_CONVERSION = YES;
				GCC_WARN_ABOUT_RETURN_TYPE = YES_ERROR;
				GCC_WARN_UNDECLARED_SELECTOR = YES;
				GCC_WARN_UNINITIALIZED_AUTOS = YES_AGGRESSIVE;
				GCC_WARN_UNUSED_FUNCTION = YES;
				GCC_WARN_UNUSED_VARIABLE = YES;
				IPHONEOS_DEPLOYMENT_TARGET = 11.4;
				MTL_ENABLE_DEBUG_INFO = NO;
				SDKROOT = iphoneos;
				SWIFT_COMPILATION_MODE = wholemodule;
				SWIFT_OPTIMIZATION_LEVEL = "-O";
				VALIDATE_PRODUCT = YES;
			};
			name = Release;
		};
		8B030CFE2120456D00E0A1AF /* Debug */ = {
			isa = XCBuildConfiguration;
			baseConfigurationReference = 4F7F72F2FEB1344DA0C0A2E1 /* Pods-BaseSourceCode.debug.xcconfig */;
			buildSettings = {
				ASSETCATALOG_COMPILER_APPICON_NAME = AppIcon;
				CODE_SIGN_STYLE = Automatic;
				DEVELOPMENT_TEAM = TR3J5S5CGX;
				INFOPLIST_FILE = BaseSourceCode/Info.plist;
				LD_RUNPATH_SEARCH_PATHS = (
					"$(inherited)",
					"@executable_path/Frameworks",
				);
				PRODUCT_BUNDLE_IDENTIFIER = hieu.nguyen.BaseSourceCode;
				PRODUCT_NAME = "$(TARGET_NAME)";
				SWIFT_VERSION = 4.0;
				TARGETED_DEVICE_FAMILY = "1,2";
			};
			name = Debug;
		};
		8B030CFF2120456D00E0A1AF /* Release */ = {
			isa = XCBuildConfiguration;
			baseConfigurationReference = 7AEA53DCCFD06292E04B97D4 /* Pods-BaseSourceCode.release.xcconfig */;
			buildSettings = {
				ASSETCATALOG_COMPILER_APPICON_NAME = AppIcon;
				CODE_SIGN_STYLE = Automatic;
				DEVELOPMENT_TEAM = TR3J5S5CGX;
				INFOPLIST_FILE = BaseSourceCode/Info.plist;
				LD_RUNPATH_SEARCH_PATHS = (
					"$(inherited)",
					"@executable_path/Frameworks",
				);
				PRODUCT_BUNDLE_IDENTIFIER = hieu.nguyen.BaseSourceCode;
				PRODUCT_NAME = "$(TARGET_NAME)";
				SWIFT_VERSION = 4.0;
				TARGETED_DEVICE_FAMILY = "1,2";
			};
			name = Release;
		};
		8B030D012120456D00E0A1AF /* Debug */ = {
			isa = XCBuildConfiguration;
			baseConfigurationReference = 768FE857202D5C07DE079894 /* Pods-BaseSourceCodeTests.debug.xcconfig */;
			buildSettings = {
				ALWAYS_EMBED_SWIFT_STANDARD_LIBRARIES = YES;
				BUNDLE_LOADER = "$(TEST_HOST)";
				CODE_SIGN_STYLE = Automatic;
				DEVELOPMENT_TEAM = TR3J5S5CGX;
				INFOPLIST_FILE = BaseSourceCodeTests/Info.plist;
				LD_RUNPATH_SEARCH_PATHS = (
					"$(inherited)",
					"@executable_path/Frameworks",
					"@loader_path/Frameworks",
				);
				PRODUCT_BUNDLE_IDENTIFIER = hieu.nguyen.BaseSourceCodeTests;
				PRODUCT_NAME = "$(TARGET_NAME)";
				SWIFT_VERSION = 4.0;
				TARGETED_DEVICE_FAMILY = "1,2";
				TEST_HOST = "$(BUILT_PRODUCTS_DIR)/BaseSourceCode.app/BaseSourceCode";
			};
			name = Debug;
		};
		8B030D022120456D00E0A1AF /* Release */ = {
			isa = XCBuildConfiguration;
			baseConfigurationReference = 5D2052AE5A8395215EBF1694 /* Pods-BaseSourceCodeTests.release.xcconfig */;
			buildSettings = {
				ALWAYS_EMBED_SWIFT_STANDARD_LIBRARIES = YES;
				BUNDLE_LOADER = "$(TEST_HOST)";
				CODE_SIGN_STYLE = Automatic;
				DEVELOPMENT_TEAM = TR3J5S5CGX;
				INFOPLIST_FILE = BaseSourceCodeTests/Info.plist;
				LD_RUNPATH_SEARCH_PATHS = (
					"$(inherited)",
					"@executable_path/Frameworks",
					"@loader_path/Frameworks",
				);
				PRODUCT_BUNDLE_IDENTIFIER = hieu.nguyen.BaseSourceCodeTests;
				PRODUCT_NAME = "$(TARGET_NAME)";
				SWIFT_VERSION = 4.0;
				TARGETED_DEVICE_FAMILY = "1,2";
				TEST_HOST = "$(BUILT_PRODUCTS_DIR)/BaseSourceCode.app/BaseSourceCode";
			};
			name = Release;
		};
		8B030D042120456D00E0A1AF /* Debug */ = {
			isa = XCBuildConfiguration;
			baseConfigurationReference = CC8BA1C6FE300CF41E2AAEAC /* Pods-BaseSourceCodeUITests.debug.xcconfig */;
			buildSettings = {
				ALWAYS_EMBED_SWIFT_STANDARD_LIBRARIES = YES;
				CODE_SIGN_STYLE = Automatic;
				DEVELOPMENT_TEAM = TR3J5S5CGX;
				INFOPLIST_FILE = BaseSourceCodeUITests/Info.plist;
				LD_RUNPATH_SEARCH_PATHS = (
					"$(inherited)",
					"@executable_path/Frameworks",
					"@loader_path/Frameworks",
				);
				PRODUCT_BUNDLE_IDENTIFIER = hieu.nguyen.BaseSourceCodeUITests;
				PRODUCT_NAME = "$(TARGET_NAME)";
				SWIFT_VERSION = 4.0;
				TARGETED_DEVICE_FAMILY = "1,2";
				TEST_TARGET_NAME = BaseSourceCode;
			};
			name = Debug;
		};
		8B030D052120456D00E0A1AF /* Release */ = {
			isa = XCBuildConfiguration;
			baseConfigurationReference = 049AE8CF222BE2D2326A6161 /* Pods-BaseSourceCodeUITests.release.xcconfig */;
			buildSettings = {
				ALWAYS_EMBED_SWIFT_STANDARD_LIBRARIES = YES;
				CODE_SIGN_STYLE = Automatic;
				DEVELOPMENT_TEAM = TR3J5S5CGX;
				INFOPLIST_FILE = BaseSourceCodeUITests/Info.plist;
				LD_RUNPATH_SEARCH_PATHS = (
					"$(inherited)",
					"@executable_path/Frameworks",
					"@loader_path/Frameworks",
				);
				PRODUCT_BUNDLE_IDENTIFIER = hieu.nguyen.BaseSourceCodeUITests;
				PRODUCT_NAME = "$(TARGET_NAME)";
				SWIFT_VERSION = 4.0;
				TARGETED_DEVICE_FAMILY = "1,2";
				TEST_TARGET_NAME = BaseSourceCode;
			};
			name = Release;
		};
/* End XCBuildConfiguration section */

/* Begin XCConfigurationList section */
		8B030CCD2120456B00E0A1AF /* Build configuration list for PBXProject "BaseSourceCode" */ = {
			isa = XCConfigurationList;
			buildConfigurations = (
				8B030CFB2120456D00E0A1AF /* Debug */,
				8B030CFC2120456D00E0A1AF /* Release */,
			);
			defaultConfigurationIsVisible = 0;
			defaultConfigurationName = Release;
		};
		8B030CFD2120456D00E0A1AF /* Build configuration list for PBXNativeTarget "BaseSourceCode" */ = {
			isa = XCConfigurationList;
			buildConfigurations = (
				8B030CFE2120456D00E0A1AF /* Debug */,
				8B030CFF2120456D00E0A1AF /* Release */,
			);
			defaultConfigurationIsVisible = 0;
			defaultConfigurationName = Release;
		};
		8B030D002120456D00E0A1AF /* Build configuration list for PBXNativeTarget "BaseSourceCodeTests" */ = {
			isa = XCConfigurationList;
			buildConfigurations = (
				8B030D012120456D00E0A1AF /* Debug */,
				8B030D022120456D00E0A1AF /* Release */,
			);
			defaultConfigurationIsVisible = 0;
			defaultConfigurationName = Release;
		};
		8B030D032120456D00E0A1AF /* Build configuration list for PBXNativeTarget "BaseSourceCodeUITests" */ = {
			isa = XCConfigurationList;
			buildConfigurations = (
				8B030D042120456D00E0A1AF /* Debug */,
				8B030D052120456D00E0A1AF /* Release */,
			);
			defaultConfigurationIsVisible = 0;
			defaultConfigurationName = Release;
		};
/* End XCConfigurationList section */

/* Begin XCVersionGroup section */
		8B030CDC2120456B00E0A1AF /* BaseSourceCode.xcdatamodeld */ = {
			isa = XCVersionGroup;
			children = (
				8B030CDD2120456B00E0A1AF /* BaseSourceCode.xcdatamodel */,
			);
			currentVersion = 8B030CDD2120456B00E0A1AF /* BaseSourceCode.xcdatamodel */;
			path = BaseSourceCode.xcdatamodeld;
			sourceTree = "<group>";
			versionGroupType = wrapper.xcdatamodel;
		};
/* End XCVersionGroup section */
	};
	rootObject = 8B030CCA2120456B00E0A1AF /* Project object */;
}
